
Microsoft Visual Studio Solution File, Format Version 12.00
# Visual Studio Version 17
VisualStudioVersion = 17.11.35222.181
MinimumVisualStudioVersion = 10.0.40219.1
Project("{FAE04EC0-301F-11D3-BF4B-00C04F79EFBC}") = "Session03.presentationLayer", "Session03.presentationLayer\Session03.presentationLayer.csproj", "{7975700A-93D6-445C-BD5E-94A8D5236F10}"
EndProject
Project("{FAE04EC0-301F-11D3-BF4B-00C04F79EFBC}") = "Session03.BusinessLogicLayer", "BusinessLogicLayer\Session03.BusinessLogicLayer.csproj", "{18BD3625-EEE7-4A4F-9028-B0FE40230638}"
EndProject
Project("{FAE04EC0-301F-11D3-BF4B-00C04F79EFBC}") = "Session03.DataAccessLayer", "DataAccessLayer\Session03.DataAccessLayer.csproj", "{340AE2FE-97B0-4B52-8303-12E73B476EE9}"
EndProject
Global
	GlobalSection(SolutionConfigurationPlatforms) = preSolution
		Debug|Any CPU = Debug|Any CPU
		Release|Any CPU = Release|Any CPU
	EndGlobalSection
	GlobalSection(ProjectConfigurationPlatforms) = postSolution
		{7975700A-93D6-445C-BD5E-94A8D5236F10}.Debug|Any CPU.ActiveCfg = Debug|Any CPU
		{7975700A-93D6-445C-BD5E-94A8D5236F10}.Debug|Any CPU.Build.0 = Debug|Any CPU
		{7975700A-93D6-445C-BD5E-94A8D5236F10}.Release|Any CPU.ActiveCfg = Release|Any CPU
		{7975700A-93D6-445C-BD5E-94A8D5236F10}.Release|Any CPU.Build.0 = Release|Any CPU
		{18BD3625-EEE7-4A4F-9028-B0FE40230638}.Debug|Any CPU.ActiveCfg = Debug|Any CPU
		{18BD3625-EEE7-4A4F-9028-B0FE40230638}.Debug|Any CPU.Build.0 = Debug|Any CPU
		{18BD3625-EEE7-4A4F-9028-B0FE40230638}.Release|Any CPU.ActiveCfg = Release|Any CPU
		{18BD3625-EEE7-4A4F-9028-B0FE40230638}.Release|Any CPU.Build.0 = Release|Any CPU
		{340AE2FE-97B0-4B52-8303-12E73B476EE9}.Debug|Any CPU.ActiveCfg = Debug|Any CPU
		{340AE2FE-97B0-4B52-8303-12E73B476EE9}.Debug|Any CPU.Build.0 = Debug|Any CPU
		{340AE2FE-97B0-4B52-8303-12E73B476EE9}.Release|Any CPU.ActiveCfg = Release|Any CPU
		{340AE2FE-97B0-4B52-8303-12E73B476EE9}.Release|Any CPU.Build.0 = Release|Any CPU
	EndGlobalSection
	GlobalSection(SolutionProperties) = preSolution
		HideSolutionNode = FALSE
	EndGlobalSection
	GlobalSection(ExtensibilityGlobals) = postSolution
		SolutionGuid = {F5921DC2-DEEF-475E-A69C-1B33576253D8}
	EndGlobalSection
EndGlobal
